
Microsoft Visual Studio Solution File, Format Version 12.00
# Visual Studio Version 16
VisualStudioVersion = 16.0.30907.101
MinimumVisualStudioVersion = 10.0.40219.1
Project("{FAE04EC0-301F-11D3-BF4B-00C04F79EFBC}") = "ClassMetotDemo", "ClassMetotDemo\ClassMetotDemo.csproj", "{B880C51F-C5B7-42F8-B112-40A382634CA8}"
EndProject
Global
	GlobalSection(SolutionConfigurationPlatforms) = preSolution
		Debug|Any CPU = Debug|Any CPU
		Release|Any CPU = Release|Any CPU
	EndGlobalSection
	GlobalSection(ProjectConfigurationPlatforms) = postSolution
		{B880C51F-C5B7-42F8-B112-40A382634CA8}.Debug|Any CPU.ActiveCfg = Debug|Any CPU
		{B880C51F-C5B7-42F8-B112-40A382634CA8}.Debug|Any CPU.Build.0 = Debug|Any CPU
		{B880C51F-C5B7-42F8-B112-40A382634CA8}.Release|Any CPU.ActiveCfg = Release|Any CPU
		{B880C51F-C5B7-42F8-B112-40A382634CA8}.Release|Any CPU.Build.0 = Release|Any CPU
	EndGlobalSection
	GlobalSection(SolutionProperties) = preSolution
		HideSolutionNode = FALSE
	EndGlobalSection
	GlobalSection(ExtensibilityGlobals) = postSolution
		SolutionGuid = {EFB10F28-C7B3-493B-8FCD-1E13074DC334}
	EndGlobalSection
EndGlobal
